<Solution>
  <Project Path="tem10zad3/tem10zad3.csproj" Id="017d232b-5bf5-4342-894a-9393633d52df" />
  <Project Path="tem6zad3/tem6zad3.csproj" />
  <Project Path="tem7zed3/tem7zed3.csproj" />
  <Project Path="tem8zad3/tem8zad3.csproj" Id="323ba5db-9667-4284-a655-385f4968240b" />
  <Project Path="tem9zad3/tem9zad3.csproj" Id="3d131777-c8f2-41a2-ac79-2704e98a2071" />
</Solution>
