<Solution>
  <Project Path="tem10zad3/tem10zad3.csproj" Id="017d232b-5bf5-4342-894a-9393633d52df" />
  <Project Path="tem11zad3/tem11zad3.csproj" Id="e46b59b0-7464-4fd0-aaed-58ab072a4335" />
  <Project Path="tem12zad3/tem12zad3.csproj" Id="414b6a9a-74ab-4d4c-8449-fc45d552740a" />
  <Project Path="tem13zad3/tem13zad3.csproj" Id="516712df-cea9-4c27-bd85-c96312b651bd" />
  <Project Path="tem14zad3/tem14zad3.csproj" Id="4c97111d-3f03-43d7-b955-5ed609ac785f" />
  <Project Path="tem15zad3/tem15zad3.csproj" Id="21147d63-dae7-4478-bd08-52fb58a3dbeb" />
  <Project Path="tem16zad2i3/tem16zad2i3.csproj" Id="0c42eff5-f3f7-4130-a5a6-ac47d012ae2e" />
  <Project Path="tem17zad2i3/tem17zad2i3.csproj" Id="3d37a0b4-c497-4dbf-9067-6ee2ababd2f5" />
  <Project Path="tem18zad2/tem18zad2.csproj" Id="974729d0-8cc7-41fa-aad4-b65d8fd49ed5" />
  <Project Path="tem18zad3/tem18zad3.csproj" Id="e06043ec-7428-4af1-9aba-d8a1654a2bc3" />
  <Project Path="tem19zad3/tem19zad3.csproj" Id="07a3622c-514f-4f8b-b824-1d69b4673c43" />
  <Project Path="tem20zad3/tem20zad3.csproj" Id="4c88b9ec-ebd0-4074-b980-c399ba617c1c" />
  <Project Path="tem6zad3/tem6zad3.csproj" />
  <Project Path="tem7zed3/tem7zed3.csproj" />
  <Project Path="tem8zad3/tem8zad3.csproj" Id="323ba5db-9667-4284-a655-385f4968240b" />
  <Project Path="tem9zad3/tem9zad3.csproj" Id="3d131777-c8f2-41a2-ac79-2704e98a2071" />
</Solution>
